
Microsoft Visual Studio Solution File, Format Version 12.00
# Visual Studio Version 17
VisualStudioVersion = 17.0.31903.59
MinimumVisualStudioVersion = 10.0.40219.1
Project("{2150E333-8FDC-42A3-9474-1A3956D46DE8}") = "backend", "backend", "{1AE8ACA6-933B-BF2A-3671-3E2EAC007D16}"
EndProject
Project("{2150E333-8FDC-42A3-9474-1A3956D46DE8}") = "src", "src", "{0F9113EE-888A-26D2-68B0-4A7D0A2A8745}"
EndProject
Project("{FAE04EC0-301F-11D3-BF4B-00C04F79EFBC}") = "Leads.Api", "backend\src\Leads.Api\Leads.Api.csproj", "{837A7974-6885-4461-A5CC-A70523717A6E}"
EndProject
Project("{FAE04EC0-301F-11D3-BF4B-00C04F79EFBC}") = "Leads.Core", "backend\src\Leads.Core\Leads.Core.csproj", "{1F0F189B-BFA5-4856-B1CC-32ED2D62A07B}"
EndProject
Project("{FAE04EC0-301F-11D3-BF4B-00C04F79EFBC}") = "Leads.Infrastructure", "backend\src\Leads.Infrastructure\Leads.Infrastructure.csproj", "{04F34624-A63F-4F3B-AC43-B93B273074C6}"
EndProject
Global
	GlobalSection(SolutionConfigurationPlatforms) = preSolution
		Debug|Any CPU = Debug|Any CPU
		Debug|x64 = Debug|x64
		Debug|x86 = Debug|x86
		Release|Any CPU = Release|Any CPU
		Release|x64 = Release|x64
		Release|x86 = Release|x86
	EndGlobalSection
	GlobalSection(ProjectConfigurationPlatforms) = postSolution
		{837A7974-6885-4461-A5CC-A70523717A6E}.Debug|Any CPU.ActiveCfg = Debug|Any CPU
		{837A7974-6885-4461-A5CC-A70523717A6E}.Debug|Any CPU.Build.0 = Debug|Any CPU
		{837A7974-6885-4461-A5CC-A70523717A6E}.Debug|x64.ActiveCfg = Debug|Any CPU
		{837A7974-6885-4461-A5CC-A70523717A6E}.Debug|x64.Build.0 = Debug|Any CPU
		{837A7974-6885-4461-A5CC-A70523717A6E}.Debug|x86.ActiveCfg = Debug|Any CPU
		{837A7974-6885-4461-A5CC-A70523717A6E}.Debug|x86.Build.0 = Debug|Any CPU
		{837A7974-6885-4461-A5CC-A70523717A6E}.Release|Any CPU.ActiveCfg = Release|Any CPU
		{837A7974-6885-4461-A5CC-A70523717A6E}.Release|Any CPU.Build.0 = Release|Any CPU
		{837A7974-6885-4461-A5CC-A70523717A6E}.Release|x64.ActiveCfg = Release|Any CPU
		{837A7974-6885-4461-A5CC-A70523717A6E}.Release|x64.Build.0 = Release|Any CPU
		{837A7974-6885-4461-A5CC-A70523717A6E}.Release|x86.ActiveCfg = Release|Any CPU
		{837A7974-6885-4461-A5CC-A70523717A6E}.Release|x86.Build.0 = Release|Any CPU
		{1F0F189B-BFA5-4856-B1CC-32ED2D62A07B}.Debug|Any CPU.ActiveCfg = Debug|Any CPU
		{1F0F189B-BFA5-4856-B1CC-32ED2D62A07B}.Debug|Any CPU.Build.0 = Debug|Any CPU
		{1F0F189B-BFA5-4856-B1CC-32ED2D62A07B}.Debug|x64.ActiveCfg = Debug|Any CPU
		{1F0F189B-BFA5-4856-B1CC-32ED2D62A07B}.Debug|x64.Build.0 = Debug|Any CPU
		{1F0F189B-BFA5-4856-B1CC-32ED2D62A07B}.Debug|x86.ActiveCfg = Debug|Any CPU
		{1F0F189B-BFA5-4856-B1CC-32ED2D62A07B}.Debug|x86.Build.0 = Debug|Any CPU
		{1F0F189B-BFA5-4856-B1CC-32ED2D62A07B}.Release|Any CPU.ActiveCfg = Release|Any CPU
		{1F0F189B-BFA5-4856-B1CC-32ED2D62A07B}.Release|Any CPU.Build.0 = Release|Any CPU
		{1F0F189B-BFA5-4856-B1CC-32ED2D62A07B}.Release|x64.ActiveCfg = Release|Any CPU
		{1F0F189B-BFA5-4856-B1CC-32ED2D62A07B}.Release|x64.Build.0 = Release|Any CPU
		{1F0F189B-BFA5-4856-B1CC-32ED2D62A07B}.Release|x86.ActiveCfg = Release|Any CPU
		{1F0F189B-BFA5-4856-B1CC-32ED2D62A07B}.Release|x86.Build.0 = Release|Any CPU
		{04F34624-A63F-4F3B-AC43-B93B273074C6}.Debug|Any CPU.ActiveCfg = Debug|Any CPU
		{04F34624-A63F-4F3B-AC43-B93B273074C6}.Debug|Any CPU.Build.0 = Debug|Any CPU
		{04F34624-A63F-4F3B-AC43-B93B273074C6}.Debug|x64.ActiveCfg = Debug|Any CPU
		{04F34624-A63F-4F3B-AC43-B93B273074C6}.Debug|x64.Build.0 = Debug|Any CPU
		{04F34624-A63F-4F3B-AC43-B93B273074C6}.Debug|x86.ActiveCfg = Debug|Any CPU
		{04F34624-A63F-4F3B-AC43-B93B273074C6}.Debug|x86.Build.0 = Debug|Any CPU
		{04F34624-A63F-4F3B-AC43-B93B273074C6}.Release|Any CPU.ActiveCfg = Release|Any CPU
		{04F34624-A63F-4F3B-AC43-B93B273074C6}.Release|Any CPU.Build.0 = Release|Any CPU
		{04F34624-A63F-4F3B-AC43-B93B273074C6}.Release|x64.ActiveCfg = Release|Any CPU
		{04F34624-A63F-4F3B-AC43-B93B273074C6}.Release|x64.Build.0 = Release|Any CPU
		{04F34624-A63F-4F3B-AC43-B93B273074C6}.Release|x86.ActiveCfg = Release|Any CPU
		{04F34624-A63F-4F3B-AC43-B93B273074C6}.Release|x86.Build.0 = Release|Any CPU
	EndGlobalSection
	GlobalSection(SolutionProperties) = preSolution
		HideSolutionNode = FALSE
	EndGlobalSection
	GlobalSection(NestedProjects) = preSolution
		{0F9113EE-888A-26D2-68B0-4A7D0A2A8745} = {1AE8ACA6-933B-BF2A-3671-3E2EAC007D16}
		{837A7974-6885-4461-A5CC-A70523717A6E} = {0F9113EE-888A-26D2-68B0-4A7D0A2A8745}
		{1F0F189B-BFA5-4856-B1CC-32ED2D62A07B} = {0F9113EE-888A-26D2-68B0-4A7D0A2A8745}
		{04F34624-A63F-4F3B-AC43-B93B273074C6} = {0F9113EE-888A-26D2-68B0-4A7D0A2A8745}
	EndGlobalSection
EndGlobal
